
Microsoft Visual Studio Solution File, Format Version 12.00
# Visual Studio Version 17
VisualStudioVersion = 17.6.33723.286
MinimumVisualStudioVersion = 10.0.40219.1
Project("{FAE04EC0-301F-11D3-BF4B-00C04F79EFBC}") = "WinFormsApp-ListView", "WinFormsApp-ListView\WinFormsApp-ListView.csproj", "{B7A6FF92-728E-41CB-9648-9BE8179DFDEF}"
EndProject
Global
	GlobalSection(SolutionConfigurationPlatforms) = preSolution
		Debug|Any CPU = Debug|Any CPU
		Release|Any CPU = Release|Any CPU
	EndGlobalSection
	GlobalSection(ProjectConfigurationPlatforms) = postSolution
		{B7A6FF92-728E-41CB-9648-9BE8179DFDEF}.Debug|Any CPU.ActiveCfg = Debug|Any CPU
		{B7A6FF92-728E-41CB-9648-9BE8179DFDEF}.Debug|Any CPU.Build.0 = Debug|Any CPU
		{B7A6FF92-728E-41CB-9648-9BE8179DFDEF}.Release|Any CPU.ActiveCfg = Release|Any CPU
		{B7A6FF92-728E-41CB-9648-9BE8179DFDEF}.Release|Any CPU.Build.0 = Release|Any CPU
	EndGlobalSection
	GlobalSection(SolutionProperties) = preSolution
		HideSolutionNode = FALSE
	EndGlobalSection
	GlobalSection(ExtensibilityGlobals) = postSolution
		SolutionGuid = {F7E75C1D-464B-4C4B-B55E-7E1EE83469A4}
	EndGlobalSection
EndGlobal
