
Microsoft Visual Studio Solution File, Format Version 12.00
# Visual Studio Version 17
VisualStudioVersion = 17.6.33723.286
MinimumVisualStudioVersion = 10.0.40219.1
Project("{9A19103F-16F7-4668-BE54-9A1E7A4F7556}") = "ConsoleApp.CSharp.Intro", "Console.CSharp.Intro\ConsoleApp.CSharp.Intro.csproj", "{D488C6D9-7EB4-42F8-83B1-32CD23666E55}"
EndProject
Project("{9A19103F-16F7-4668-BE54-9A1E7A4F7556}") = "ConsoleApp.CSharp.DataTypes", "ConsoleApp.CSharp.DataTypes\ConsoleApp.CSharp.DataTypes.csproj", "{A02FCD66-8BA6-4C8C-855B-085FD99D2A57}"
EndProject
Project("{FAE04EC0-301F-11D3-BF4B-00C04F79EFBC}") = "ConsoleApp.CSharp.If-Else", "ConsoleApp.CSharp.If-Else\ConsoleApp.CSharp.If-Else.csproj", "{996BEEDE-EACA-4827-A625-7F924892B903}"
EndProject
Global
	GlobalSection(SolutionConfigurationPlatforms) = preSolution
		Debug|Any CPU = Debug|Any CPU
		Release|Any CPU = Release|Any CPU
	EndGlobalSection
	GlobalSection(ProjectConfigurationPlatforms) = postSolution
		{D488C6D9-7EB4-42F8-83B1-32CD23666E55}.Debug|Any CPU.ActiveCfg = Debug|Any CPU
		{D488C6D9-7EB4-42F8-83B1-32CD23666E55}.Debug|Any CPU.Build.0 = Debug|Any CPU
		{D488C6D9-7EB4-42F8-83B1-32CD23666E55}.Release|Any CPU.ActiveCfg = Release|Any CPU
		{D488C6D9-7EB4-42F8-83B1-32CD23666E55}.Release|Any CPU.Build.0 = Release|Any CPU
		{A02FCD66-8BA6-4C8C-855B-085FD99D2A57}.Debug|Any CPU.ActiveCfg = Debug|Any CPU
		{A02FCD66-8BA6-4C8C-855B-085FD99D2A57}.Debug|Any CPU.Build.0 = Debug|Any CPU
		{A02FCD66-8BA6-4C8C-855B-085FD99D2A57}.Release|Any CPU.ActiveCfg = Release|Any CPU
		{A02FCD66-8BA6-4C8C-855B-085FD99D2A57}.Release|Any CPU.Build.0 = Release|Any CPU
		{996BEEDE-EACA-4827-A625-7F924892B903}.Debug|Any CPU.ActiveCfg = Debug|Any CPU
		{996BEEDE-EACA-4827-A625-7F924892B903}.Debug|Any CPU.Build.0 = Debug|Any CPU
		{996BEEDE-EACA-4827-A625-7F924892B903}.Release|Any CPU.ActiveCfg = Release|Any CPU
		{996BEEDE-EACA-4827-A625-7F924892B903}.Release|Any CPU.Build.0 = Release|Any CPU
	EndGlobalSection
	GlobalSection(SolutionProperties) = preSolution
		HideSolutionNode = FALSE
	EndGlobalSection
	GlobalSection(ExtensibilityGlobals) = postSolution
		SolutionGuid = {006A086B-0448-47D8-832C-22CE8BFD0D76}
	EndGlobalSection
EndGlobal
