
Microsoft Visual Studio Solution File, Format Version 12.00
# Visual Studio Version 17
VisualStudioVersion = 17.6.33723.286
MinimumVisualStudioVersion = 10.0.40219.1
Project("{FAE04EC0-301F-11D3-BF4B-00C04F79EFBC}") = "WinFormsApp.PiSabiti", "WinFormsApp.PiSabiti\WinFormsApp.PiSabiti.csproj", "{2A3CF076-E000-44D2-89A4-EF74DA3C7754}"
EndProject
Global
	GlobalSection(SolutionConfigurationPlatforms) = preSolution
		Debug|Any CPU = Debug|Any CPU
		Release|Any CPU = Release|Any CPU
	EndGlobalSection
	GlobalSection(ProjectConfigurationPlatforms) = postSolution
		{2A3CF076-E000-44D2-89A4-EF74DA3C7754}.Debug|Any CPU.ActiveCfg = Debug|Any CPU
		{2A3CF076-E000-44D2-89A4-EF74DA3C7754}.Debug|Any CPU.Build.0 = Debug|Any CPU
		{2A3CF076-E000-44D2-89A4-EF74DA3C7754}.Release|Any CPU.ActiveCfg = Release|Any CPU
		{2A3CF076-E000-44D2-89A4-EF74DA3C7754}.Release|Any CPU.Build.0 = Release|Any CPU
	EndGlobalSection
	GlobalSection(SolutionProperties) = preSolution
		HideSolutionNode = FALSE
	EndGlobalSection
	GlobalSection(ExtensibilityGlobals) = postSolution
		SolutionGuid = {5DBBFA57-AE67-4A1F-8311-40A9D3D4C0CC}
	EndGlobalSection
EndGlobal
