
Microsoft Visual Studio Solution File, Format Version 12.00
# Visual Studio Version 17
VisualStudioVersion = 17.6.33723.286
MinimumVisualStudioVersion = 10.0.40219.1
Project("{FAE04EC0-301F-11D3-BF4B-00C04F79EFBC}") = "WinFormsApp.EnBuyukEnKucuk", "WinFormsApp.EnBuyukEnKucuk\WinFormsApp.EnBuyukEnKucuk.csproj", "{30FD6E50-6D6F-4942-8AFB-ED91ABF4FE24}"
EndProject
Global
	GlobalSection(SolutionConfigurationPlatforms) = preSolution
		Debug|Any CPU = Debug|Any CPU
		Release|Any CPU = Release|Any CPU
	EndGlobalSection
	GlobalSection(ProjectConfigurationPlatforms) = postSolution
		{30FD6E50-6D6F-4942-8AFB-ED91ABF4FE24}.Debug|Any CPU.ActiveCfg = Debug|Any CPU
		{30FD6E50-6D6F-4942-8AFB-ED91ABF4FE24}.Debug|Any CPU.Build.0 = Debug|Any CPU
		{30FD6E50-6D6F-4942-8AFB-ED91ABF4FE24}.Release|Any CPU.ActiveCfg = Release|Any CPU
		{30FD6E50-6D6F-4942-8AFB-ED91ABF4FE24}.Release|Any CPU.Build.0 = Release|Any CPU
	EndGlobalSection
	GlobalSection(SolutionProperties) = preSolution
		HideSolutionNode = FALSE
	EndGlobalSection
	GlobalSection(ExtensibilityGlobals) = postSolution
		SolutionGuid = {029CDA58-ABD5-4E23-A272-06A13652C7DE}
	EndGlobalSection
EndGlobal
