
Microsoft Visual Studio Solution File, Format Version 12.00
# Visual Studio Version 17
VisualStudioVersion = 17.6.33723.286
MinimumVisualStudioVersion = 10.0.40219.1
Project("{FAE04EC0-301F-11D3-BF4B-00C04F79EFBC}") = "WinFormsApp.Sozluk", "WinFormsApp.Sozluk\WinFormsApp.Sozluk.csproj", "{65DFFDDA-E40F-426B-A103-963F2BA849BB}"
EndProject
Global
	GlobalSection(SolutionConfigurationPlatforms) = preSolution
		Debug|Any CPU = Debug|Any CPU
		Release|Any CPU = Release|Any CPU
	EndGlobalSection
	GlobalSection(ProjectConfigurationPlatforms) = postSolution
		{65DFFDDA-E40F-426B-A103-963F2BA849BB}.Debug|Any CPU.ActiveCfg = Debug|Any CPU
		{65DFFDDA-E40F-426B-A103-963F2BA849BB}.Debug|Any CPU.Build.0 = Debug|Any CPU
		{65DFFDDA-E40F-426B-A103-963F2BA849BB}.Release|Any CPU.ActiveCfg = Release|Any CPU
		{65DFFDDA-E40F-426B-A103-963F2BA849BB}.Release|Any CPU.Build.0 = Release|Any CPU
	EndGlobalSection
	GlobalSection(SolutionProperties) = preSolution
		HideSolutionNode = FALSE
	EndGlobalSection
	GlobalSection(ExtensibilityGlobals) = postSolution
		SolutionGuid = {F95BAFFB-E053-4887-AB03-E2BDA6E46D32}
	EndGlobalSection
EndGlobal
