
Microsoft Visual Studio Solution File, Format Version 12.00
# Visual Studio Version 17
VisualStudioVersion = 17.6.33723.286
MinimumVisualStudioVersion = 10.0.40219.1
Project("{FAE04EC0-301F-11D3-BF4B-00C04F79EFBC}") = "WinFormsApp.Metotlar", "WinFormsApp.Metotlar\WinFormsApp.Metotlar.csproj", "{4D97E120-39E0-4204-A5A3-0277A5551084}"
EndProject
Global
	GlobalSection(SolutionConfigurationPlatforms) = preSolution
		Debug|Any CPU = Debug|Any CPU
		Release|Any CPU = Release|Any CPU
	EndGlobalSection
	GlobalSection(ProjectConfigurationPlatforms) = postSolution
		{4D97E120-39E0-4204-A5A3-0277A5551084}.Debug|Any CPU.ActiveCfg = Debug|Any CPU
		{4D97E120-39E0-4204-A5A3-0277A5551084}.Debug|Any CPU.Build.0 = Debug|Any CPU
		{4D97E120-39E0-4204-A5A3-0277A5551084}.Release|Any CPU.ActiveCfg = Release|Any CPU
		{4D97E120-39E0-4204-A5A3-0277A5551084}.Release|Any CPU.Build.0 = Release|Any CPU
	EndGlobalSection
	GlobalSection(SolutionProperties) = preSolution
		HideSolutionNode = FALSE
	EndGlobalSection
	GlobalSection(ExtensibilityGlobals) = postSolution
		SolutionGuid = {F74BDEC1-851D-40D4-9512-DC71C12AA269}
	EndGlobalSection
EndGlobal
