
Microsoft Visual Studio Solution File, Format Version 12.00
# Visual Studio Version 17
VisualStudioVersion = 17.6.33723.286
MinimumVisualStudioVersion = 10.0.40219.1
Project("{FAE04EC0-301F-11D3-BF4B-00C04F79EFBC}") = "WinFormsApp.PersonelTakibi", "WinFormsApp.PersonelTakibi\WinFormsApp.PersonelTakibi.csproj", "{BDFE0E01-4037-4EB3-9275-2A8712FFC143}"
EndProject
Global
	GlobalSection(SolutionConfigurationPlatforms) = preSolution
		Debug|Any CPU = Debug|Any CPU
		Release|Any CPU = Release|Any CPU
	EndGlobalSection
	GlobalSection(ProjectConfigurationPlatforms) = postSolution
		{BDFE0E01-4037-4EB3-9275-2A8712FFC143}.Debug|Any CPU.ActiveCfg = Debug|Any CPU
		{BDFE0E01-4037-4EB3-9275-2A8712FFC143}.Debug|Any CPU.Build.0 = Debug|Any CPU
		{BDFE0E01-4037-4EB3-9275-2A8712FFC143}.Release|Any CPU.ActiveCfg = Release|Any CPU
		{BDFE0E01-4037-4EB3-9275-2A8712FFC143}.Release|Any CPU.Build.0 = Release|Any CPU
	EndGlobalSection
	GlobalSection(SolutionProperties) = preSolution
		HideSolutionNode = FALSE
	EndGlobalSection
	GlobalSection(ExtensibilityGlobals) = postSolution
		SolutionGuid = {49DD7AE2-C05F-4812-9B01-500D407E9080}
	EndGlobalSection
EndGlobal
